
Microsoft Visual Studio Solution File, Format Version 12.00
# Visual Studio Version 17
VisualStudioVersion = 17.13.35931.197
MinimumVisualStudioVersion = 10.0.40219.1
Project("{FAE04EC0-301F-11D3-BF4B-00C04F79EFBC}") = "DomainTables", "DomainTables\DomainTables.csproj", "{D5A780B9-A676-465F-A62C-88E2FFC81093}"
EndProject
Project("{FAE04EC0-301F-11D3-BF4B-00C04F79EFBC}") = "DataAccessLayer", "DataAccessLayer\DataAccessLayer.csproj", "{524EFBCA-AE91-4219-9CB9-EC3F70584943}"
EndProject
Project("{FAE04EC0-301F-11D3-BF4B-00C04F79EFBC}") = "UnitTests", "UnitTests\UnitTests.csproj", "{DE774345-2CD0-4C3C-85B6-D0FC82FDD2AD}"
EndProject
Global
	GlobalSection(SolutionConfigurationPlatforms) = preSolution
		Debug|Any CPU = Debug|Any CPU
		Release|Any CPU = Release|Any CPU
	EndGlobalSection
	GlobalSection(ProjectConfigurationPlatforms) = postSolution
		{D5A780B9-A676-465F-A62C-88E2FFC81093}.Debug|Any CPU.ActiveCfg = Debug|Any CPU
		{D5A780B9-A676-465F-A62C-88E2FFC81093}.Debug|Any CPU.Build.0 = Debug|Any CPU
		{D5A780B9-A676-465F-A62C-88E2FFC81093}.Release|Any CPU.ActiveCfg = Release|Any CPU
		{D5A780B9-A676-465F-A62C-88E2FFC81093}.Release|Any CPU.Build.0 = Release|Any CPU
		{524EFBCA-AE91-4219-9CB9-EC3F70584943}.Debug|Any CPU.ActiveCfg = Debug|Any CPU
		{524EFBCA-AE91-4219-9CB9-EC3F70584943}.Debug|Any CPU.Build.0 = Debug|Any CPU
		{524EFBCA-AE91-4219-9CB9-EC3F70584943}.Release|Any CPU.ActiveCfg = Release|Any CPU
		{524EFBCA-AE91-4219-9CB9-EC3F70584943}.Release|Any CPU.Build.0 = Release|Any CPU
		{DE774345-2CD0-4C3C-85B6-D0FC82FDD2AD}.Debug|Any CPU.ActiveCfg = Debug|Any CPU
		{DE774345-2CD0-4C3C-85B6-D0FC82FDD2AD}.Debug|Any CPU.Build.0 = Debug|Any CPU
		{DE774345-2CD0-4C3C-85B6-D0FC82FDD2AD}.Release|Any CPU.ActiveCfg = Release|Any CPU
		{DE774345-2CD0-4C3C-85B6-D0FC82FDD2AD}.Release|Any CPU.Build.0 = Release|Any CPU
	EndGlobalSection
	GlobalSection(SolutionProperties) = preSolution
		HideSolutionNode = FALSE
	EndGlobalSection
	GlobalSection(ExtensibilityGlobals) = postSolution
		SolutionGuid = {163593D2-A5BF-462C-9B42-3E256C25CE43}
	EndGlobalSection
EndGlobal
